
Microsoft Visual Studio Solution File, Format Version 12.00
Project("{FAE04EC0-301F-11D3-BF4B-00C04F79EFBC}") = "Inventario.Core", "Inventario.Core\Inventario.Core.csproj", "{512B60B4-527D-4B4C-B026-E2D1E98FE510}"
EndProject
Project("{FAE04EC0-301F-11D3-BF4B-00C04F79EFBC}") = "Inventario.Tests", "Inventario.Tests\Inventario.Tests.csproj", "{F7813179-E849-473C-9423-81A2D65CA839}"
EndProject
Project("{FAE04EC0-301F-11D3-BF4B-00C04F79EFBC}") = "Inventario.Api", "Inventario.Api\Inventario.Api.csproj", "{69E11B18-C97E-41CC-99F0-032CB493BD3D}"
EndProject
Project("{FAE04EC0-301F-11D3-BF4B-00C04F79EFBC}") = "Inventario.WebApp", "Inventario.WebApp\Inventario.WebApp.csproj", "{ACD0B505-EC16-43A7-A60C-389BE906E27C}"
EndProject
Project("{FAE04EC0-301F-11D3-BF4B-00C04F79EFBC}") = "Inventario.WebSite", "Inventario.WebSite\Inventario.WebSite.csproj", "{4BD462BC-CC41-4112-A71A-4B69F57B57D3}"
EndProject
Global
	GlobalSection(SolutionConfigurationPlatforms) = preSolution
		Debug|Any CPU = Debug|Any CPU
		Release|Any CPU = Release|Any CPU
	EndGlobalSection
	GlobalSection(ProjectConfigurationPlatforms) = postSolution
		{512B60B4-527D-4B4C-B026-E2D1E98FE510}.Debug|Any CPU.ActiveCfg = Debug|Any CPU
		{512B60B4-527D-4B4C-B026-E2D1E98FE510}.Debug|Any CPU.Build.0 = Debug|Any CPU
		{512B60B4-527D-4B4C-B026-E2D1E98FE510}.Release|Any CPU.ActiveCfg = Release|Any CPU
		{512B60B4-527D-4B4C-B026-E2D1E98FE510}.Release|Any CPU.Build.0 = Release|Any CPU
		{F7813179-E849-473C-9423-81A2D65CA839}.Debug|Any CPU.ActiveCfg = Debug|Any CPU
		{F7813179-E849-473C-9423-81A2D65CA839}.Debug|Any CPU.Build.0 = Debug|Any CPU
		{F7813179-E849-473C-9423-81A2D65CA839}.Release|Any CPU.ActiveCfg = Release|Any CPU
		{F7813179-E849-473C-9423-81A2D65CA839}.Release|Any CPU.Build.0 = Release|Any CPU
		{69E11B18-C97E-41CC-99F0-032CB493BD3D}.Debug|Any CPU.ActiveCfg = Debug|Any CPU
		{69E11B18-C97E-41CC-99F0-032CB493BD3D}.Debug|Any CPU.Build.0 = Debug|Any CPU
		{69E11B18-C97E-41CC-99F0-032CB493BD3D}.Release|Any CPU.ActiveCfg = Release|Any CPU
		{69E11B18-C97E-41CC-99F0-032CB493BD3D}.Release|Any CPU.Build.0 = Release|Any CPU
		{ACD0B505-EC16-43A7-A60C-389BE906E27C}.Debug|Any CPU.ActiveCfg = Debug|Any CPU
		{ACD0B505-EC16-43A7-A60C-389BE906E27C}.Debug|Any CPU.Build.0 = Debug|Any CPU
		{ACD0B505-EC16-43A7-A60C-389BE906E27C}.Release|Any CPU.ActiveCfg = Release|Any CPU
		{ACD0B505-EC16-43A7-A60C-389BE906E27C}.Release|Any CPU.Build.0 = Release|Any CPU
		{4BD462BC-CC41-4112-A71A-4B69F57B57D3}.Debug|Any CPU.ActiveCfg = Debug|Any CPU
		{4BD462BC-CC41-4112-A71A-4B69F57B57D3}.Debug|Any CPU.Build.0 = Debug|Any CPU
		{4BD462BC-CC41-4112-A71A-4B69F57B57D3}.Release|Any CPU.ActiveCfg = Release|Any CPU
		{4BD462BC-CC41-4112-A71A-4B69F57B57D3}.Release|Any CPU.Build.0 = Release|Any CPU
	EndGlobalSection
EndGlobal
